// !$*UTF8*$!
{
	archiveVersion = 1;
	classes = {
	};
	objectVersion = 60;
	objects = {

/* Begin PBXBuildFile section */
		742F15162E414DC50062BBA7 /* MyHenFarm.xcdatamodeld in Sources */ = {isa = PBXBuildFile; fileRef = 742F15122E414DC50062BBA7 /* MyHenFarm.xcdatamodeld */; };
		742F15172E414DC50062BBA7 /* MyHenFarmCoreDataManager.swift in Sources */ = {isa = PBXBuildFile; fileRef = 742F15132E414DC50062BBA7 /* MyHenFarmCoreDataManager.swift */; };
		742F153E2E414DC70062BBA7 /* ChikenCellView.swift in Sources */ = {isa = PBXBuildFile; fileRef = 742F15182E414DC70062BBA7 /* ChikenCellView.swift */; };
		742F153F2E414DC70062BBA7 /* CoopCellView.swift in Sources */ = {isa = PBXBuildFile; fileRef = 742F15192E414DC70062BBA7 /* CoopCellView.swift */; };
		742F15402E414DC70062BBA7 /* FeedingCellView.swift in Sources */ = {isa = PBXBuildFile; fileRef = 742F151A2E414DC70062BBA7 /* FeedingCellView.swift */; };
		742F15412E414DC70062BBA7 /* PostCellView.swift in Sources */ = {isa = PBXBuildFile; fileRef = 742F151B2E414DC70062BBA7 /* PostCellView.swift */; };
		742F15422E414DC70062BBA7 /* AddChikenView.swift in Sources */ = {isa = PBXBuildFile; fileRef = 742F151D2E414DC70062BBA7 /* AddChikenView.swift */; };
		742F15432E414DC70062BBA7 /* AddCoopView.swift in Sources */ = {isa = PBXBuildFile; fileRef = 742F151E2E414DC70062BBA7 /* AddCoopView.swift */; };
		742F15442E414DC70062BBA7 /* ChikenViewModel.swift in Sources */ = {isa = PBXBuildFile; fileRef = 742F151F2E414DC70062BBA7 /* ChikenViewModel.swift */; };
		742F15452E414DC70062BBA7 /* CoopInfoView.swift in Sources */ = {isa = PBXBuildFile; fileRef = 742F15202E414DC70062BBA7 /* CoopInfoView.swift */; };
		742F15462E414DC70062BBA7 /* CoopsListView.swift in Sources */ = {isa = PBXBuildFile; fileRef = 742F15212E414DC70062BBA7 /* CoopsListView.swift */; };
		742F15472E414DC70062BBA7 /* CoopsViewModel.swift in Sources */ = {isa = PBXBuildFile; fileRef = 742F15222E414DC70062BBA7 /* CoopsViewModel.swift */; };
		742F15482E414DC70062BBA7 /* AddAPostView.swift in Sources */ = {isa = PBXBuildFile; fileRef = 742F15242E414DC70062BBA7 /* AddAPostView.swift */; };
		742F15492E414DC70062BBA7 /* EggCountingview.swift in Sources */ = {isa = PBXBuildFile; fileRef = 742F15252E414DC70062BBA7 /* EggCountingview.swift */; };
		742F154A2E414DC70062BBA7 /* EggCountViewModel.swift in Sources */ = {isa = PBXBuildFile; fileRef = 742F15262E414DC70062BBA7 /* EggCountViewModel.swift */; };
		742F154B2E414DC70062BBA7 /* AddFeedingView.swift in Sources */ = {isa = PBXBuildFile; fileRef = 742F15282E414DC70062BBA7 /* AddFeedingView.swift */; };
		742F154C2E414DC70062BBA7 /* FeedingListview.swift in Sources */ = {isa = PBXBuildFile; fileRef = 742F15292E414DC70062BBA7 /* FeedingListview.swift */; };
		742F154D2E414DC70062BBA7 /* FeedingViewModel.swift in Sources */ = {isa = PBXBuildFile; fileRef = 742F152A2E414DC70062BBA7 /* FeedingViewModel.swift */; };
		742F154E2E414DC70062BBA7 /* BackgroundView.swift in Sources */ = {isa = PBXBuildFile; fileRef = 742F152C2E414DC70062BBA7 /* BackgroundView.swift */; };
		742F154F2E414DC70062BBA7 /* CustomTimePicker.swift in Sources */ = {isa = PBXBuildFile; fileRef = 742F152D2E414DC70062BBA7 /* CustomTimePicker.swift */; };
		742F15502E414DC70062BBA7 /* GreenButtonView.swift in Sources */ = {isa = PBXBuildFile; fileRef = 742F152E2E414DC70062BBA7 /* GreenButtonView.swift */; };
		742F15512E414DC70062BBA7 /* MainView.swift in Sources */ = {isa = PBXBuildFile; fileRef = 742F15302E414DC70062BBA7 /* MainView.swift */; };
		742F15522E414DC70062BBA7 /* OnboardingViewModel.swift in Sources */ = {isa = PBXBuildFile; fileRef = 742F15322E414DC70062BBA7 /* OnboardingViewModel.swift */; };
		742F15532E414DC70062BBA7 /* OnboardnigView.swift in Sources */ = {isa = PBXBuildFile; fileRef = 742F15332E414DC70062BBA7 /* OnboardnigView.swift */; };
		742F15542E414DC70062BBA7 /* SettingsView.swift in Sources */ = {isa = PBXBuildFile; fileRef = 742F15352E414DC70062BBA7 /* SettingsView.swift */; };
		742F15552E414DC70062BBA7 /* LoadingViewModel.swift in Sources */ = {isa = PBXBuildFile; fileRef = 742F15372E414DC70062BBA7 /* LoadingViewModel.swift */; };
		742F15562E414DC70062BBA7 /* StartView.swift in Sources */ = {isa = PBXBuildFile; fileRef = 742F15382E414DC70062BBA7 /* StartView.swift */; };
		742F15572E414DC70062BBA7 /* StatisticView.swift in Sources */ = {isa = PBXBuildFile; fileRef = 742F153A2E414DC70062BBA7 /* StatisticView.swift */; };
		742F15582E414DC70062BBA7 /* StatisticViewModel.swift in Sources */ = {isa = PBXBuildFile; fileRef = 742F153B2E414DC70062BBA7 /* StatisticViewModel.swift */; };
		74CF39EE2E3EA85B0006C134 /* AppDelegate.swift in Sources */ = {isa = PBXBuildFile; fileRef = 74CF39E42E3EA85B0006C134 /* AppDelegate.swift */; };
		74CF39EF2E3EA85B0006C134 /* SceneDelegate.swift in Sources */ = {isa = PBXBuildFile; fileRef = 74CF39EB2E3EA85B0006C134 /* SceneDelegate.swift */; };
		74CF39F12E3EA85B0006C134 /* Assets.xcassets in Resources */ = {isa = PBXBuildFile; fileRef = 74CF39E52E3EA85B0006C134 /* Assets.xcassets */; };
		74CF39F32E3EA85B0006C134 /* LaunchScreen.storyboard in Resources */ = {isa = PBXBuildFile; fileRef = 74CF39E82E3EA85B0006C134 /* LaunchScreen.storyboard */; };
		74CF39F42E3EA85B0006C134 /* Main.storyboard in Resources */ = {isa = PBXBuildFile; fileRef = 74CF39EA2E3EA85B0006C134 /* Main.storyboard */; };
/* End PBXBuildFile section */

/* Begin PBXFileReference section */
		526E741A1AD46CD557E8F99A /* Pods-MyHenFarm.debug.xcconfig */ = {isa = PBXFileReference; includeInIndex = 1; lastKnownFileType = text.xcconfig; name = "Pods-MyHenFarm.debug.xcconfig"; path = "Target Support Files/Pods-MyHenFarm/Pods-MyHenFarm.debug.xcconfig"; sourceTree = "<group>"; };
		742F15132E414DC50062BBA7 /* MyHenFarmCoreDataManager.swift */ = {isa = PBXFileReference; lastKnownFileType = sourcecode.swift; path = MyHenFarmCoreDataManager.swift; sourceTree = "<group>"; };
		742F15152E414DC50062BBA7 /* MyHenFarm.xcdatamodel */ = {isa = PBXFileReference; lastKnownFileType = wrapper.xcdatamodel; path = MyHenFarm.xcdatamodel; sourceTree = "<group>"; };
		742F15182E414DC70062BBA7 /* ChikenCellView.swift */ = {isa = PBXFileReference; lastKnownFileType = sourcecode.swift; path = ChikenCellView.swift; sourceTree = "<group>"; };
		742F15192E414DC70062BBA7 /* CoopCellView.swift */ = {isa = PBXFileReference; lastKnownFileType = sourcecode.swift; path = CoopCellView.swift; sourceTree = "<group>"; };
		742F151A2E414DC70062BBA7 /* FeedingCellView.swift */ = {isa = PBXFileReference; lastKnownFileType = sourcecode.swift; path = FeedingCellView.swift; sourceTree = "<group>"; };
		742F151B2E414DC70062BBA7 /* PostCellView.swift */ = {isa = PBXFileReference; lastKnownFileType = sourcecode.swift; path = PostCellView.swift; sourceTree = "<group>"; };
		742F151D2E414DC70062BBA7 /* AddChikenView.swift */ = {isa = PBXFileReference; lastKnownFileType = sourcecode.swift; path = AddChikenView.swift; sourceTree = "<group>"; };
		742F151E2E414DC70062BBA7 /* AddCoopView.swift */ = {isa = PBXFileReference; lastKnownFileType = sourcecode.swift; path = AddCoopView.swift; sourceTree = "<group>"; };
		742F151F2E414DC70062BBA7 /* ChikenViewModel.swift */ = {isa = PBXFileReference; lastKnownFileType = sourcecode.swift; path = ChikenViewModel.swift; sourceTree = "<group>"; };
		742F15202E414DC70062BBA7 /* CoopInfoView.swift */ = {isa = PBXFileReference; lastKnownFileType = sourcecode.swift; path = CoopInfoView.swift; sourceTree = "<group>"; };
		742F15212E414DC70062BBA7 /* CoopsListView.swift */ = {isa = PBXFileReference; lastKnownFileType = sourcecode.swift; path = CoopsListView.swift; sourceTree = "<group>"; };
		742F15222E414DC70062BBA7 /* CoopsViewModel.swift */ = {isa = PBXFileReference; lastKnownFileType = sourcecode.swift; path = CoopsViewModel.swift; sourceTree = "<group>"; };
		742F15242E414DC70062BBA7 /* AddAPostView.swift */ = {isa = PBXFileReference; lastKnownFileType = sourcecode.swift; path = AddAPostView.swift; sourceTree = "<group>"; };
		742F15252E414DC70062BBA7 /* EggCountingview.swift */ = {isa = PBXFileReference; lastKnownFileType = sourcecode.swift; path = EggCountingview.swift; sourceTree = "<group>"; };
		742F15262E414DC70062BBA7 /* EggCountViewModel.swift */ = {isa = PBXFileReference; lastKnownFileType = sourcecode.swift; path = EggCountViewModel.swift; sourceTree = "<group>"; };
		742F15282E414DC70062BBA7 /* AddFeedingView.swift */ = {isa = PBXFileReference; lastKnownFileType = sourcecode.swift; path = AddFeedingView.swift; sourceTree = "<group>"; };
		742F15292E414DC70062BBA7 /* FeedingListview.swift */ = {isa = PBXFileReference; lastKnownFileType = sourcecode.swift; path = FeedingListview.swift; sourceTree = "<group>"; };
		742F152A2E414DC70062BBA7 /* FeedingViewModel.swift */ = {isa = PBXFileReference; lastKnownFileType = sourcecode.swift; path = FeedingViewModel.swift; sourceTree = "<group>"; };
		742F152C2E414DC70062BBA7 /* BackgroundView.swift */ = {isa = PBXFileReference; lastKnownFileType = sourcecode.swift; path = BackgroundView.swift; sourceTree = "<group>"; };
		742F152D2E414DC70062BBA7 /* CustomTimePicker.swift */ = {isa = PBXFileReference; lastKnownFileType = sourcecode.swift; path = CustomTimePicker.swift; sourceTree = "<group>"; };
		742F152E2E414DC70062BBA7 /* GreenButtonView.swift */ = {isa = PBXFileReference; lastKnownFileType = sourcecode.swift; path = GreenButtonView.swift; sourceTree = "<group>"; };
		742F15302E414DC70062BBA7 /* MainView.swift */ = {isa = PBXFileReference; lastKnownFileType = sourcecode.swift; path = MainView.swift; sourceTree = "<group>"; };
		742F15322E414DC70062BBA7 /* OnboardingViewModel.swift */ = {isa = PBXFileReference; lastKnownFileType = sourcecode.swift; path = OnboardingViewModel.swift; sourceTree = "<group>"; };
		742F15332E414DC70062BBA7 /* OnboardnigView.swift */ = {isa = PBXFileReference; lastKnownFileType = sourcecode.swift; path = OnboardnigView.swift; sourceTree = "<group>"; };
		742F15352E414DC70062BBA7 /* SettingsView.swift */ = {isa = PBXFileReference; lastKnownFileType = sourcecode.swift; path = SettingsView.swift; sourceTree = "<group>"; };
		742F15372E414DC70062BBA7 /* LoadingViewModel.swift */ = {isa = PBXFileReference; lastKnownFileType = sourcecode.swift; path = LoadingViewModel.swift; sourceTree = "<group>"; };
		742F15382E414DC70062BBA7 /* StartView.swift */ = {isa = PBXFileReference; lastKnownFileType = sourcecode.swift; path = StartView.swift; sourceTree = "<group>"; };
		742F153A2E414DC70062BBA7 /* StatisticView.swift */ = {isa = PBXFileReference; lastKnownFileType = sourcecode.swift; path = StatisticView.swift; sourceTree = "<group>"; };
		742F153B2E414DC70062BBA7 /* StatisticViewModel.swift */ = {isa = PBXFileReference; lastKnownFileType = sourcecode.swift; path = StatisticViewModel.swift; sourceTree = "<group>"; };
		74CF39CC2E3EA83C0006C134 /* MyHenFarm.app */ = {isa = PBXFileReference; explicitFileType = wrapper.application; includeInIndex = 0; path = MyHenFarm.app; sourceTree = BUILT_PRODUCTS_DIR; };
		74CF39E42E3EA85B0006C134 /* AppDelegate.swift */ = {isa = PBXFileReference; lastKnownFileType = sourcecode.swift; path = AppDelegate.swift; sourceTree = "<group>"; };
		74CF39E52E3EA85B0006C134 /* Assets.xcassets */ = {isa = PBXFileReference; lastKnownFileType = folder.assetcatalog; path = Assets.xcassets; sourceTree = "<group>"; };
		74CF39E62E3EA85B0006C134 /* Info.plist */ = {isa = PBXFileReference; lastKnownFileType = text.plist.xml; path = Info.plist; sourceTree = "<group>"; };
		74CF39E72E3EA85B0006C134 /* Base */ = {isa = PBXFileReference; lastKnownFileType = file.storyboard; name = Base; path = Base.lproj/LaunchScreen.storyboard; sourceTree = "<group>"; };
		74CF39E92E3EA85B0006C134 /* Base */ = {isa = PBXFileReference; lastKnownFileType = file.storyboard; name = Base; path = Base.lproj/Main.storyboard; sourceTree = "<group>"; };
		74CF39EB2E3EA85B0006C134 /* SceneDelegate.swift */ = {isa = PBXFileReference; lastKnownFileType = sourcecode.swift; path = SceneDelegate.swift; sourceTree = "<group>"; };
		A0C204CE4ADC32B1B1719669 /* Pods_MyHenFarm.framework */ = {isa = PBXFileReference; explicitFileType = wrapper.framework; includeInIndex = 0; path = Pods_MyHenFarm.framework; sourceTree = BUILT_PRODUCTS_DIR; };
		F56988A54C12AD0921B5EB28 /* Pods-MyHenFarm.release.xcconfig */ = {isa = PBXFileReference; includeInIndex = 1; lastKnownFileType = text.xcconfig; name = "Pods-MyHenFarm.release.xcconfig"; path = "Target Support Files/Pods-MyHenFarm/Pods-MyHenFarm.release.xcconfig"; sourceTree = "<group>"; };
/* End PBXFileReference section */

/* Begin PBXFrameworksBuildPhase section */
		74CF39C92E3EA83C0006C134 /* Frameworks */ = {
			isa = PBXFrameworksBuildPhase;
			buildActionMask = 2147483647;
			files = (
			);
			runOnlyForDeploymentPostprocessing = 0;
		};
/* End PBXFrameworksBuildPhase section */

/* Begin PBXGroup section */
		56266048245454668C45C205 /* Frameworks */ = {
			isa = PBXGroup;
			children = (
				A0C204CE4ADC32B1B1719669 /* Pods_MyHenFarm.framework */,
			);
			name = Frameworks;
			sourceTree = "<group>";
		};
		742F15142E414DC50062BBA7 /* CoreData */ = {
			isa = PBXGroup;
			children = (
				742F15122E414DC50062BBA7 /* MyHenFarm.xcdatamodeld */,
				742F15132E414DC50062BBA7 /* MyHenFarmCoreDataManager.swift */,
			);
			path = CoreData;
			sourceTree = "<group>";
		};
		742F151C2E414DC70062BBA7 /* Cells */ = {
			isa = PBXGroup;
			children = (
				742F15182E414DC70062BBA7 /* ChikenCellView.swift */,
				742F15192E414DC70062BBA7 /* CoopCellView.swift */,
				742F151A2E414DC70062BBA7 /* FeedingCellView.swift */,
				742F151B2E414DC70062BBA7 /* PostCellView.swift */,
			);
			path = Cells;
			sourceTree = "<group>";
		};
		742F15232E414DC70062BBA7 /* Coops */ = {
			isa = PBXGroup;
			children = (
				742F151D2E414DC70062BBA7 /* AddChikenView.swift */,
				742F151E2E414DC70062BBA7 /* AddCoopView.swift */,
				742F151F2E414DC70062BBA7 /* ChikenViewModel.swift */,
				742F15202E414DC70062BBA7 /* CoopInfoView.swift */,
				742F15212E414DC70062BBA7 /* CoopsListView.swift */,
				742F15222E414DC70062BBA7 /* CoopsViewModel.swift */,
			);
			path = Coops;
			sourceTree = "<group>";
		};
		742F15272E414DC70062BBA7 /* EggCounting */ = {
			isa = PBXGroup;
			children = (
				742F15242E414DC70062BBA7 /* AddAPostView.swift */,
				742F15252E414DC70062BBA7 /* EggCountingview.swift */,
				742F15262E414DC70062BBA7 /* EggCountViewModel.swift */,
			);
			path = EggCounting;
			sourceTree = "<group>";
		};
		742F152B2E414DC70062BBA7 /* Feeding */ = {
			isa = PBXGroup;
			children = (
				742F15282E414DC70062BBA7 /* AddFeedingView.swift */,
				742F15292E414DC70062BBA7 /* FeedingListview.swift */,
				742F152A2E414DC70062BBA7 /* FeedingViewModel.swift */,
			);
			path = Feeding;
			sourceTree = "<group>";
		};
		742F152F2E414DC70062BBA7 /* Helpers */ = {
			isa = PBXGroup;
			children = (
				742F152C2E414DC70062BBA7 /* BackgroundView.swift */,
				742F152D2E414DC70062BBA7 /* CustomTimePicker.swift */,
				742F152E2E414DC70062BBA7 /* GreenButtonView.swift */,
			);
			path = Helpers;
			sourceTree = "<group>";
		};
		742F15312E414DC70062BBA7 /* Main */ = {
			isa = PBXGroup;
			children = (
				742F15302E414DC70062BBA7 /* MainView.swift */,
			);
			path = Main;
			sourceTree = "<group>";
		};
		742F15342E414DC70062BBA7 /* Ondording */ = {
			isa = PBXGroup;
			children = (
				742F15322E414DC70062BBA7 /* OnboardingViewModel.swift */,
				742F15332E414DC70062BBA7 /* OnboardnigView.swift */,
			);
			path = Ondording;
			sourceTree = "<group>";
		};
		742F15362E414DC70062BBA7 /* Settings */ = {
			isa = PBXGroup;
			children = (
				742F15352E414DC70062BBA7 /* SettingsView.swift */,
			);
			path = Settings;
			sourceTree = "<group>";
		};
		742F15392E414DC70062BBA7 /* Start */ = {
			isa = PBXGroup;
			children = (
				742F15372E414DC70062BBA7 /* LoadingViewModel.swift */,
				742F15382E414DC70062BBA7 /* StartView.swift */,
			);
			path = Start;
			sourceTree = "<group>";
		};
		742F153C2E414DC70062BBA7 /* Statistic */ = {
			isa = PBXGroup;
			children = (
				742F153A2E414DC70062BBA7 /* StatisticView.swift */,
				742F153B2E414DC70062BBA7 /* StatisticViewModel.swift */,
			);
			path = Statistic;
			sourceTree = "<group>";
		};
		742F153D2E414DC70062BBA7 /* View */ = {
			isa = PBXGroup;
			children = (
				742F151C2E414DC70062BBA7 /* Cells */,
				742F15232E414DC70062BBA7 /* Coops */,
				742F15272E414DC70062BBA7 /* EggCounting */,
				742F152B2E414DC70062BBA7 /* Feeding */,
				742F152F2E414DC70062BBA7 /* Helpers */,
				742F15312E414DC70062BBA7 /* Main */,
				742F15342E414DC70062BBA7 /* Ondording */,
				742F15362E414DC70062BBA7 /* Settings */,
				742F15392E414DC70062BBA7 /* Start */,
				742F153C2E414DC70062BBA7 /* Statistic */,
			);
			path = View;
			sourceTree = "<group>";
		};
		74CF39C32E3EA83C0006C134 = {
			isa = PBXGroup;
			children = (
				74CF39ED2E3EA85B0006C134 /* MyHenFarm */,
				74CF39CD2E3EA83C0006C134 /* Products */,
				DEF53245F3EB124BAE25D6F1 /* Pods */,
				56266048245454668C45C205 /* Frameworks */,
			);
			sourceTree = "<group>";
		};
		74CF39CD2E3EA83C0006C134 /* Products */ = {
			isa = PBXGroup;
			children = (
				74CF39CC2E3EA83C0006C134 /* MyHenFarm.app */,
			);
			name = Products;
			sourceTree = "<group>";
		};
		74CF39ED2E3EA85B0006C134 /* MyHenFarm */ = {
			isa = PBXGroup;
			children = (
				742F15142E414DC50062BBA7 /* CoreData */,
				742F153D2E414DC70062BBA7 /* View */,
				74CF39E42E3EA85B0006C134 /* AppDelegate.swift */,
				74CF39E52E3EA85B0006C134 /* Assets.xcassets */,
				74CF39E62E3EA85B0006C134 /* Info.plist */,
				74CF39E82E3EA85B0006C134 /* LaunchScreen.storyboard */,
				74CF39EA2E3EA85B0006C134 /* Main.storyboard */,
				74CF39EB2E3EA85B0006C134 /* SceneDelegate.swift */,
			);
			path = MyHenFarm;
			sourceTree = "<group>";
		};
		DEF53245F3EB124BAE25D6F1 /* Pods */ = {
			isa = PBXGroup;
			children = (
				526E741A1AD46CD557E8F99A /* Pods-MyHenFarm.debug.xcconfig */,
				F56988A54C12AD0921B5EB28 /* Pods-MyHenFarm.release.xcconfig */,
			);
			path = Pods;
			sourceTree = "<group>";
		};
/* End PBXGroup section */

/* Begin PBXNativeTarget section */
		74CF39CB2E3EA83C0006C134 /* MyHenFarm */ = {
			isa = PBXNativeTarget;
			buildConfigurationList = 74CF39DF2E3EA83E0006C134 /* Build configuration list for PBXNativeTarget "MyHenFarm" */;
			buildPhases = (
				BA770EF340BA0C7034972429 /* [CP] Check Pods Manifest.lock */,
				74CF39C82E3EA83C0006C134 /* Sources */,
				74CF39C92E3EA83C0006C134 /* Frameworks */,
				74CF39CA2E3EA83C0006C134 /* Resources */,
			);
			buildRules = (
			);
			dependencies = (
			);
			name = MyHenFarm;
			productName = MyHenFarm;
			productReference = 74CF39CC2E3EA83C0006C134 /* MyHenFarm.app */;
			productType = "com.apple.product-type.application";
		};
/* End PBXNativeTarget section */

/* Begin PBXProject section */
		74CF39C42E3EA83C0006C134 /* Project object */ = {
			isa = PBXProject;
			attributes = {
				BuildIndependentTargetsInParallel = 1;
				LastSwiftUpdateCheck = 1640;
				LastUpgradeCheck = 1640;
				TargetAttributes = {
					74CF39CB2E3EA83C0006C134 = {
						CreatedOnToolsVersion = 16.4;
					};
				};
			};
			buildConfigurationList = 74CF39C72E3EA83C0006C134 /* Build configuration list for PBXProject "MyHenFarm" */;
			compatibilityVersion = "Xcode 15.0";
			developmentRegion = en;
			hasScannedForEncodings = 0;
			knownRegions = (
				en,
				Base,
			);
			mainGroup = 74CF39C32E3EA83C0006C134;
			productRefGroup = 74CF39CD2E3EA83C0006C134 /* Products */;
			projectDirPath = "";
			projectRoot = "";
			targets = (
				74CF39CB2E3EA83C0006C134 /* MyHenFarm */,
			);
		};
/* End PBXProject section */

/* Begin PBXResourcesBuildPhase section */
		74CF39CA2E3EA83C0006C134 /* Resources */ = {
			isa = PBXResourcesBuildPhase;
			buildActionMask = 2147483647;
			files = (
				74CF39F12E3EA85B0006C134 /* Assets.xcassets in Resources */,
				74CF39F32E3EA85B0006C134 /* LaunchScreen.storyboard in Resources */,
				74CF39F42E3EA85B0006C134 /* Main.storyboard in Resources */,
			);
			runOnlyForDeploymentPostprocessing = 0;
		};
/* End PBXResourcesBuildPhase section */

/* Begin PBXShellScriptBuildPhase section */
		BA770EF340BA0C7034972429 /* [CP] Check Pods Manifest.lock */ = {
			isa = PBXShellScriptBuildPhase;
			buildActionMask = 2147483647;
			files = (
			);
			inputFileListPaths = (
			);
			inputPaths = (
				"${PODS_PODFILE_DIR_PATH}/Podfile.lock",
				"${PODS_ROOT}/Manifest.lock",
			);
			name = "[CP] Check Pods Manifest.lock";
			outputFileListPaths = (
			);
			outputPaths = (
				"$(DERIVED_FILE_DIR)/Pods-MyHenFarm-checkManifestLockResult.txt",
			);
			runOnlyForDeploymentPostprocessing = 0;
			shellPath = /bin/sh;
			shellScript = "diff \"${PODS_PODFILE_DIR_PATH}/Podfile.lock\" \"${PODS_ROOT}/Manifest.lock\" > /dev/null\nif [ $? != 0 ] ; then\n    # print error to STDERR\n    echo \"error: The sandbox is not in sync with the Podfile.lock. Run 'pod install' or update your CocoaPods installation.\" >&2\n    exit 1\nfi\n# This output is used by Xcode 'outputs' to avoid re-running this script phase.\necho \"SUCCESS\" > \"${SCRIPT_OUTPUT_FILE_0}\"\n";
			showEnvVarsInLog = 0;
		};
/* End PBXShellScriptBuildPhase section */

/* Begin PBXSourcesBuildPhase section */
		74CF39C82E3EA83C0006C134 /* Sources */ = {
			isa = PBXSourcesBuildPhase;
			buildActionMask = 2147483647;
			files = (
				74CF39EE2E3EA85B0006C134 /* AppDelegate.swift in Sources */,
				742F15162E414DC50062BBA7 /* MyHenFarm.xcdatamodeld in Sources */,
				742F153E2E414DC70062BBA7 /* ChikenCellView.swift in Sources */,
				742F153F2E414DC70062BBA7 /* CoopCellView.swift in Sources */,
				742F15402E414DC70062BBA7 /* FeedingCellView.swift in Sources */,
				742F15412E414DC70062BBA7 /* PostCellView.swift in Sources */,
				742F15422E414DC70062BBA7 /* AddChikenView.swift in Sources */,
				742F15432E414DC70062BBA7 /* AddCoopView.swift in Sources */,
				742F15442E414DC70062BBA7 /* ChikenViewModel.swift in Sources */,
				742F15452E414DC70062BBA7 /* CoopInfoView.swift in Sources */,
				742F15462E414DC70062BBA7 /* CoopsListView.swift in Sources */,
				742F15472E414DC70062BBA7 /* CoopsViewModel.swift in Sources */,
				742F15482E414DC70062BBA7 /* AddAPostView.swift in Sources */,
				742F15492E414DC70062BBA7 /* EggCountingview.swift in Sources */,
				742F154A2E414DC70062BBA7 /* EggCountViewModel.swift in Sources */,
				742F154B2E414DC70062BBA7 /* AddFeedingView.swift in Sources */,
				742F154C2E414DC70062BBA7 /* FeedingListview.swift in Sources */,
				742F154D2E414DC70062BBA7 /* FeedingViewModel.swift in Sources */,
				742F154E2E414DC70062BBA7 /* BackgroundView.swift in Sources */,
				742F154F2E414DC70062BBA7 /* CustomTimePicker.swift in Sources */,
				742F15502E414DC70062BBA7 /* GreenButtonView.swift in Sources */,
				742F15512E414DC70062BBA7 /* MainView.swift in Sources */,
				742F15522E414DC70062BBA7 /* OnboardingViewModel.swift in Sources */,
				742F15532E414DC70062BBA7 /* OnboardnigView.swift in Sources */,
				742F15542E414DC70062BBA7 /* SettingsView.swift in Sources */,
				742F15552E414DC70062BBA7 /* LoadingViewModel.swift in Sources */,
				742F15562E414DC70062BBA7 /* StartView.swift in Sources */,
				742F15572E414DC70062BBA7 /* StatisticView.swift in Sources */,
				742F15582E414DC70062BBA7 /* StatisticViewModel.swift in Sources */,
				742F15172E414DC50062BBA7 /* MyHenFarmCoreDataManager.swift in Sources */,
				74CF39EF2E3EA85B0006C134 /* SceneDelegate.swift in Sources */,
			);
			runOnlyForDeploymentPostprocessing = 0;
		};
/* End PBXSourcesBuildPhase section */

/* Begin PBXVariantGroup section */
		74CF39E82E3EA85B0006C134 /* LaunchScreen.storyboard */ = {
			isa = PBXVariantGroup;
			children = (
				74CF39E72E3EA85B0006C134 /* Base */,
			);
			name = LaunchScreen.storyboard;
			sourceTree = "<group>";
		};
		74CF39EA2E3EA85B0006C134 /* Main.storyboard */ = {
			isa = PBXVariantGroup;
			children = (
				74CF39E92E3EA85B0006C134 /* Base */,
			);
			name = Main.storyboard;
			sourceTree = "<group>";
		};
/* End PBXVariantGroup section */

/* Begin XCBuildConfiguration section */
		74CF39E02E3EA83E0006C134 /* Debug */ = {
			isa = XCBuildConfiguration;
			baseConfigurationReference = 526E741A1AD46CD557E8F99A /* Pods-MyHenFarm.debug.xcconfig */;
			buildSettings = {
				ASSETCATALOG_COMPILER_APPICON_NAME = AppIcon;
				ASSETCATALOG_COMPILER_GLOBAL_ACCENT_COLOR_NAME = AccentColor;
				CODE_SIGN_STYLE = Automatic;
				CURRENT_PROJECT_VERSION = 1;
				GENERATE_INFOPLIST_FILE = YES;
				INFOPLIST_FILE = MyHenFarm/Info.plist;
				INFOPLIST_KEY_CFBundleDisplayName = "My Hen Farm";
				INFOPLIST_KEY_UIApplicationSupportsIndirectInputEvents = YES;
				INFOPLIST_KEY_UILaunchStoryboardName = LaunchScreen;
				INFOPLIST_KEY_UIMainStoryboardFile = Main;
				INFOPLIST_KEY_UISupportedInterfaceOrientations = UIInterfaceOrientationPortrait;
				INFOPLIST_KEY_UISupportedInterfaceOrientations_iPad = "UIInterfaceOrientationLandscapeLeft UIInterfaceOrientationLandscapeRight UIInterfaceOrientationPortrait UIInterfaceOrientationPortraitUpsideDown";
				IPHONEOS_DEPLOYMENT_TARGET = 16.6;
				LD_RUNPATH_SEARCH_PATHS = (
					"$(inherited)",
					"@executable_path/Frameworks",
				);
				MARKETING_VERSION = 1.0;
				PRODUCT_BUNDLE_IDENTIFIER = com.myhenfarm33.pre2;
				PRODUCT_NAME = "$(TARGET_NAME)";
				SUPPORTED_PLATFORMS = "iphoneos iphonesimulator";
				SUPPORTS_MACCATALYST = NO;
				SUPPORTS_MAC_DESIGNED_FOR_IPHONE_IPAD = NO;
				SUPPORTS_XR_DESIGNED_FOR_IPHONE_IPAD = NO;
				SWIFT_EMIT_LOC_STRINGS = YES;
				SWIFT_VERSION = 5.0;
				TARGETED_DEVICE_FAMILY = 1;
			};
			name = Debug;
		};
		74CF39E12E3EA83E0006C134 /* Release */ = {
			isa = XCBuildConfiguration;
			baseConfigurationReference = F56988A54C12AD0921B5EB28 /* Pods-MyHenFarm.release.xcconfig */;
			buildSettings = {
				ASSETCATALOG_COMPILER_APPICON_NAME = AppIcon;
				ASSETCATALOG_COMPILER_GLOBAL_ACCENT_COLOR_NAME = AccentColor;
				CODE_SIGN_STYLE = Automatic;
				CURRENT_PROJECT_VERSION = 1;
				GENERATE_INFOPLIST_FILE = YES;
				INFOPLIST_FILE = MyHenFarm/Info.plist;
				INFOPLIST_KEY_CFBundleDisplayName = "My Hen Farm";
				INFOPLIST_KEY_UIApplicationSupportsIndirectInputEvents = YES;
				INFOPLIST_KEY_UILaunchStoryboardName = LaunchScreen;
				INFOPLIST_KEY_UIMainStoryboardFile = Main;
				INFOPLIST_KEY_UISupportedInterfaceOrientations = UIInterfaceOrientationPortrait;
				INFOPLIST_KEY_UISupportedInterfaceOrientations_iPad = "UIInterfaceOrientationLandscapeLeft UIInterfaceOrientationLandscapeRight UIInterfaceOrientationPortrait UIInterfaceOrientationPortraitUpsideDown";
				IPHONEOS_DEPLOYMENT_TARGET = 16.6;
				LD_RUNPATH_SEARCH_PATHS = (
					"$(inherited)",
					"@executable_path/Frameworks",
				);
				MARKETING_VERSION = 1.0;
				PRODUCT_BUNDLE_IDENTIFIER = com.myhenfarm33.pre2;
				PRODUCT_NAME = "$(TARGET_NAME)";
				SUPPORTED_PLATFORMS = "iphoneos iphonesimulator";
				SUPPORTS_MACCATALYST = NO;
				SUPPORTS_MAC_DESIGNED_FOR_IPHONE_IPAD = NO;
				SUPPORTS_XR_DESIGNED_FOR_IPHONE_IPAD = NO;
				SWIFT_EMIT_LOC_STRINGS = YES;
				SWIFT_VERSION = 5.0;
				TARGETED_DEVICE_FAMILY = 1;
			};
			name = Release;
		};
		74CF39E22E3EA83E0006C134 /* Debug */ = {
			isa = XCBuildConfiguration;
			buildSettings = {
				ALWAYS_SEARCH_USER_PATHS = NO;
				ASSETCATALOG_COMPILER_GENERATE_SWIFT_ASSET_SYMBOL_EXTENSIONS = YES;
				CLANG_ANALYZER_NONNULL = YES;
				CLANG_ANALYZER_NUMBER_OBJECT_CONVERSION = YES_AGGRESSIVE;
				CLANG_CXX_LANGUAGE_STANDARD = "gnu++20";
				CLANG_ENABLE_MODULES = YES;
				CLANG_ENABLE_OBJC_ARC = YES;
				CLANG_ENABLE_OBJC_WEAK = YES;
				CLANG_WARN_BLOCK_CAPTURE_AUTORELEASING = YES;
				CLANG_WARN_BOOL_CONVERSION = YES;
				CLANG_WARN_COMMA = YES;
				CLANG_WARN_CONSTANT_CONVERSION = YES;
				CLANG_WARN_DEPRECATED_OBJC_IMPLEMENTATIONS = YES;
				CLANG_WARN_DIRECT_OBJC_ISA_USAGE = YES_ERROR;
				CLANG_WARN_DOCUMENTATION_COMMENTS = YES;
				CLANG_WARN_EMPTY_BODY = YES;
				CLANG_WARN_ENUM_CONVERSION = YES;
				CLANG_WARN_INFINITE_RECURSION = YES;
				CLANG_WARN_INT_CONVERSION = YES;
				CLANG_WARN_NON_LITERAL_NULL_CONVERSION = YES;
				CLANG_WARN_OBJC_IMPLICIT_RETAIN_SELF = YES;
				CLANG_WARN_OBJC_LITERAL_CONVERSION = YES;
				CLANG_WARN_OBJC_ROOT_CLASS = YES_ERROR;
				CLANG_WARN_QUOTED_INCLUDE_IN_FRAMEWORK_HEADER = YES;
				CLANG_WARN_RANGE_LOOP_ANALYSIS = YES;
				CLANG_WARN_STRICT_PROTOTYPES = YES;
				CLANG_WARN_SUSPICIOUS_MOVE = YES;
				CLANG_WARN_UNGUARDED_AVAILABILITY = YES_AGGRESSIVE;
				CLANG_WARN_UNREACHABLE_CODE = YES;
				CLANG_WARN__DUPLICATE_METHOD_MATCH = YES;
				COPY_PHASE_STRIP = NO;
				DEBUG_INFORMATION_FORMAT = dwarf;
				ENABLE_STRICT_OBJC_MSGSEND = YES;
				ENABLE_TESTABILITY = YES;
				ENABLE_USER_SCRIPT_SANDBOXING = YES;
				GCC_C_LANGUAGE_STANDARD = gnu17;
				GCC_DYNAMIC_NO_PIC = NO;
				GCC_NO_COMMON_BLOCKS = YES;
				GCC_OPTIMIZATION_LEVEL = 0;
				GCC_PREPROCESSOR_DEFINITIONS = (
					"DEBUG=1",
					"$(inherited)",
				);
				GCC_WARN_64_TO_32_BIT_CONVERSION = YES;
				GCC_WARN_ABOUT_RETURN_TYPE = YES_ERROR;
				GCC_WARN_UNDECLARED_SELECTOR = YES;
				GCC_WARN_UNINITIALIZED_AUTOS = YES_AGGRESSIVE;
				GCC_WARN_UNUSED_FUNCTION = YES;
				GCC_WARN_UNUSED_VARIABLE = YES;
				IPHONEOS_DEPLOYMENT_TARGET = 18.5;
				LOCALIZATION_PREFERS_STRING_CATALOGS = YES;
				MTL_ENABLE_DEBUG_INFO = INCLUDE_SOURCE;
				MTL_FAST_MATH = YES;
				ONLY_ACTIVE_ARCH = YES;
				SDKROOT = iphoneos;
				SWIFT_ACTIVE_COMPILATION_CONDITIONS = "DEBUG $(inherited)";
				SWIFT_OPTIMIZATION_LEVEL = "-Onone";
			};
			name = Debug;
		};
		74CF39E32E3EA83E0006C134 /* Release */ = {
			isa = XCBuildConfiguration;
			buildSettings = {
				ALWAYS_SEARCH_USER_PATHS = NO;
				ASSETCATALOG_COMPILER_GENERATE_SWIFT_ASSET_SYMBOL_EXTENSIONS = YES;
				CLANG_ANALYZER_NONNULL = YES;
				CLANG_ANALYZER_NUMBER_OBJECT_CONVERSION = YES_AGGRESSIVE;
				CLANG_CXX_LANGUAGE_STANDARD = "gnu++20";
				CLANG_ENABLE_MODULES = YES;
				CLANG_ENABLE_OBJC_ARC = YES;
				CLANG_ENABLE_OBJC_WEAK = YES;
				CLANG_WARN_BLOCK_CAPTURE_AUTORELEASING = YES;
				CLANG_WARN_BOOL_CONVERSION = YES;
				CLANG_WARN_COMMA = YES;
				CLANG_WARN_CONSTANT_CONVERSION = YES;
				CLANG_WARN_DEPRECATED_OBJC_IMPLEMENTATIONS = YES;
				CLANG_WARN_DIRECT_OBJC_ISA_USAGE = YES_ERROR;
				CLANG_WARN_DOCUMENTATION_COMMENTS = YES;
				CLANG_WARN_EMPTY_BODY = YES;
				CLANG_WARN_ENUM_CONVERSION = YES;
				CLANG_WARN_INFINITE_RECURSION = YES;
				CLANG_WARN_INT_CONVERSION = YES;
				CLANG_WARN_NON_LITERAL_NULL_CONVERSION = YES;
				CLANG_WARN_OBJC_IMPLICIT_RETAIN_SELF = YES;
				CLANG_WARN_OBJC_LITERAL_CONVERSION = YES;
				CLANG_WARN_OBJC_ROOT_CLASS = YES_ERROR;
				CLANG_WARN_QUOTED_INCLUDE_IN_FRAMEWORK_HEADER = YES;
				CLANG_WARN_RANGE_LOOP_ANALYSIS = YES;
				CLANG_WARN_STRICT_PROTOTYPES = YES;
				CLANG_WARN_SUSPICIOUS_MOVE = YES;
				CLANG_WARN_UNGUARDED_AVAILABILITY = YES_AGGRESSIVE;
				CLANG_WARN_UNREACHABLE_CODE = YES;
				CLANG_WARN__DUPLICATE_METHOD_MATCH = YES;
				COPY_PHASE_STRIP = NO;
				DEBUG_INFORMATION_FORMAT = "dwarf-with-dsym";
				ENABLE_NS_ASSERTIONS = NO;
				ENABLE_STRICT_OBJC_MSGSEND = YES;
				ENABLE_USER_SCRIPT_SANDBOXING = YES;
				GCC_C_LANGUAGE_STANDARD = gnu17;
				GCC_NO_COMMON_BLOCKS = YES;
				GCC_WARN_64_TO_32_BIT_CONVERSION = YES;
				GCC_WARN_ABOUT_RETURN_TYPE = YES_ERROR;
				GCC_WARN_UNDECLARED_SELECTOR = YES;
				GCC_WARN_UNINITIALIZED_AUTOS = YES_AGGRESSIVE;
				GCC_WARN_UNUSED_FUNCTION = YES;
				GCC_WARN_UNUSED_VARIABLE = YES;
				IPHONEOS_DEPLOYMENT_TARGET = 18.5;
				LOCALIZATION_PREFERS_STRING_CATALOGS = YES;
				MTL_ENABLE_DEBUG_INFO = NO;
				MTL_FAST_MATH = YES;
				SDKROOT = iphoneos;
				SWIFT_COMPILATION_MODE = wholemodule;
				VALIDATE_PRODUCT = YES;
			};
			name = Release;
		};
/* End XCBuildConfiguration section */

/* Begin XCConfigurationList section */
		74CF39C72E3EA83C0006C134 /* Build configuration list for PBXProject "MyHenFarm" */ = {
			isa = XCConfigurationList;
			buildConfigurations = (
				74CF39E22E3EA83E0006C134 /* Debug */,
				74CF39E32E3EA83E0006C134 /* Release */,
			);
			defaultConfigurationIsVisible = 0;
			defaultConfigurationName = Release;
		};
		74CF39DF2E3EA83E0006C134 /* Build configuration list for PBXNativeTarget "MyHenFarm" */ = {
			isa = XCConfigurationList;
			buildConfigurations = (
				74CF39E02E3EA83E0006C134 /* Debug */,
				74CF39E12E3EA83E0006C134 /* Release */,
			);
			defaultConfigurationIsVisible = 0;
			defaultConfigurationName = Release;
		};
/* End XCConfigurationList section */

/* Begin XCVersionGroup section */
		742F15122E414DC50062BBA7 /* MyHenFarm.xcdatamodeld */ = {
			isa = XCVersionGroup;
			children = (
				742F15152E414DC50062BBA7 /* MyHenFarm.xcdatamodel */,
			);
			currentVersion = 742F15152E414DC50062BBA7 /* MyHenFarm.xcdatamodel */;
			path = MyHenFarm.xcdatamodeld;
			sourceTree = "<group>";
			versionGroupType = wrapper.xcdatamodel;
		};
/* End XCVersionGroup section */
	};
	rootObject = 74CF39C42E3EA83C0006C134 /* Project object */;
}
